
Microsoft Visual Studio Solution File, Format Version 12.00
# Visual Studio Version 17
VisualStudioVersion = 17.3.32825.248
MinimumVisualStudioVersion = 10.0.40219.1
Project("{FAE04EC0-301F-11D3-BF4B-00C04F79EFBC}") = "AspClaim2App", "AspClaim2App.csproj", "{8C6728CD-5D83-47DA-A1AA-CA155C3CBA15}"
EndProject
Global
	GlobalSection(SolutionConfigurationPlatforms) = preSolution
		Debug|Any CPU = Debug|Any CPU
		Release|Any CPU = Release|Any CPU
	EndGlobalSection
	GlobalSection(ProjectConfigurationPlatforms) = postSolution
		{8C6728CD-5D83-47DA-A1AA-CA155C3CBA15}.Debug|Any CPU.ActiveCfg = Debug|Any CPU
		{8C6728CD-5D83-47DA-A1AA-CA155C3CBA15}.Debug|Any CPU.Build.0 = Debug|Any CPU
		{8C6728CD-5D83-47DA-A1AA-CA155C3CBA15}.Release|Any CPU.ActiveCfg = Release|Any CPU
		{8C6728CD-5D83-47DA-A1AA-CA155C3CBA15}.Release|Any CPU.Build.0 = Release|Any CPU
	EndGlobalSection
	GlobalSection(SolutionProperties) = preSolution
		HideSolutionNode = FALSE
	EndGlobalSection
	GlobalSection(ExtensibilityGlobals) = postSolution
		SolutionGuid = {4A885FCC-759D-43A2-87CC-8E733EF5BA45}
	EndGlobalSection
EndGlobal
